
Microsoft Visual Studio Solution File, Format Version 12.00
# Visual Studio Version 16
VisualStudioVersion = 16.0.31911.196
MinimumVisualStudioVersion = 10.0.40219.1
Project("{FAE04EC0-301F-11D3-BF4B-00C04F79EFBC}") = "TasksAndritz", "TasksAndritz\TasksAndritz.csproj", "{460E7051-0EEF-456A-9134-5D736C6E086D}"
EndProject
Global
	GlobalSection(SolutionConfigurationPlatforms) = preSolution
		Debug|Any CPU = Debug|Any CPU
		Release|Any CPU = Release|Any CPU
	EndGlobalSection
	GlobalSection(ProjectConfigurationPlatforms) = postSolution
		{460E7051-0EEF-456A-9134-5D736C6E086D}.Debug|Any CPU.ActiveCfg = Debug|Any CPU
		{460E7051-0EEF-456A-9134-5D736C6E086D}.Debug|Any CPU.Build.0 = Debug|Any CPU
		{460E7051-0EEF-456A-9134-5D736C6E086D}.Release|Any CPU.ActiveCfg = Release|Any CPU
		{460E7051-0EEF-456A-9134-5D736C6E086D}.Release|Any CPU.Build.0 = Release|Any CPU
	EndGlobalSection
	GlobalSection(SolutionProperties) = preSolution
		HideSolutionNode = FALSE
	EndGlobalSection
	GlobalSection(ExtensibilityGlobals) = postSolution
		SolutionGuid = {41079EAD-67FB-4589-888E-FAEA140C81A6}
	EndGlobalSection
EndGlobal
